
Microsoft Visual Studio Solution File, Format Version 12.00
# Visual Studio Version 17
VisualStudioVersion = 17.4.33213.308
MinimumVisualStudioVersion = 10.0.40219.1
Project("{FAE04EC0-301F-11D3-BF4B-00C04F79EFBC}") = "AssistantLostArk", "AssistantLostArk.csproj", "{9F552ADF-7FD5-48C0-94F7-899C0C78FC9D}"
EndProject
Global
	GlobalSection(SolutionConfigurationPlatforms) = preSolution
		Debug|Any CPU = Debug|Any CPU
		Release|Any CPU = Release|Any CPU
	EndGlobalSection
	GlobalSection(ProjectConfigurationPlatforms) = postSolution
		{9F552ADF-7FD5-48C0-94F7-899C0C78FC9D}.Debug|Any CPU.ActiveCfg = Debug|Any CPU
		{9F552ADF-7FD5-48C0-94F7-899C0C78FC9D}.Debug|Any CPU.Build.0 = Debug|Any CPU
		{9F552ADF-7FD5-48C0-94F7-899C0C78FC9D}.Release|Any CPU.ActiveCfg = Release|Any CPU
		{9F552ADF-7FD5-48C0-94F7-899C0C78FC9D}.Release|Any CPU.Build.0 = Release|Any CPU
	EndGlobalSection
	GlobalSection(SolutionProperties) = preSolution
		HideSolutionNode = FALSE
	EndGlobalSection
	GlobalSection(ExtensibilityGlobals) = postSolution
		SolutionGuid = {3EAF3A84-4785-4FBF-B09E-BF2925441F68}
	EndGlobalSection
EndGlobal
